
Microsoft Visual Studio Solution File, Format Version 12.00
# Visual Studio Version 16
VisualStudioVersion = 16.0.31702.278
MinimumVisualStudioVersion = 10.0.40219.1
Project("{FAE04EC0-301F-11D3-BF4B-00C04F79EFBC}") = "hf2spy2.0", "hf2spy2.0.csproj", "{0EDDFEDB-AF74-4A4E-9E11-69798BD5B7C0}"
EndProject
Global
	GlobalSection(SolutionConfigurationPlatforms) = preSolution
		Debug|Any CPU = Debug|Any CPU
		Release|Any CPU = Release|Any CPU
	EndGlobalSection
	GlobalSection(ProjectConfigurationPlatforms) = postSolution
		{0EDDFEDB-AF74-4A4E-9E11-69798BD5B7C0}.Debug|Any CPU.ActiveCfg = Debug|Any CPU
		{0EDDFEDB-AF74-4A4E-9E11-69798BD5B7C0}.Debug|Any CPU.Build.0 = Debug|Any CPU
		{0EDDFEDB-AF74-4A4E-9E11-69798BD5B7C0}.Release|Any CPU.ActiveCfg = Release|Any CPU
		{0EDDFEDB-AF74-4A4E-9E11-69798BD5B7C0}.Release|Any CPU.Build.0 = Release|Any CPU
	EndGlobalSection
	GlobalSection(SolutionProperties) = preSolution
		HideSolutionNode = FALSE
	EndGlobalSection
	GlobalSection(ExtensibilityGlobals) = postSolution
		SolutionGuid = {3C665D27-378E-4513-B809-16B82FD854FA}
	EndGlobalSection
EndGlobal
