
Microsoft Visual Studio Solution File, Format Version 12.00
# Visual Studio Version 16
VisualStudioVersion = 16.0.31410.357
MinimumVisualStudioVersion = 10.0.40219.1
Project("{FAE04EC0-301F-11D3-BF4B-00C04F79EFBC}") = "xmlgroup", "xmlgroup.csproj", "{75936B8B-2AFD-4584-A716-D9E083DAA02A}"
EndProject
Global
	GlobalSection(SolutionConfigurationPlatforms) = preSolution
		Debug|Any CPU = Debug|Any CPU
		Release|Any CPU = Release|Any CPU
	EndGlobalSection
	GlobalSection(ProjectConfigurationPlatforms) = postSolution
		{75936B8B-2AFD-4584-A716-D9E083DAA02A}.Debug|Any CPU.ActiveCfg = Debug|Any CPU
		{75936B8B-2AFD-4584-A716-D9E083DAA02A}.Debug|Any CPU.Build.0 = Debug|Any CPU
		{75936B8B-2AFD-4584-A716-D9E083DAA02A}.Release|Any CPU.ActiveCfg = Release|Any CPU
		{75936B8B-2AFD-4584-A716-D9E083DAA02A}.Release|Any CPU.Build.0 = Release|Any CPU
	EndGlobalSection
	GlobalSection(SolutionProperties) = preSolution
		HideSolutionNode = FALSE
	EndGlobalSection
	GlobalSection(ExtensibilityGlobals) = postSolution
		SolutionGuid = {F99C2E9F-814B-4233-8731-633BFE8B0704}
	EndGlobalSection
EndGlobal
